
Microsoft Visual Studio Solution File, Format Version 12.00
# Visual Studio 15
VisualStudioVersion = 15.0.28307.902
MinimumVisualStudioVersion = 10.0.40219.1
Project("{FAE04EC0-301F-11D3-BF4B-00C04F79EFBC}") = "CovCovwebservices", "TEST\CovCovwebservices.csproj", "{C847E8F7-302C-4872-87D3-E7B50AB997CC}"
EndProject
Project("{FAE04EC0-301F-11D3-BF4B-00C04F79EFBC}") = "App1.Android", "App1\App1.Android\App1.Android.csproj", "{45D5974B-F241-42C9-B5B1-BF02E3AB1901}"
EndProject
Project("{FAE04EC0-301F-11D3-BF4B-00C04F79EFBC}") = "App1.iOS", "App1\App1.iOS\App1.iOS.csproj", "{E25EBB05-57D6-4420-AB6D-66B54569641A}"
EndProject
Project("{FAE04EC0-301F-11D3-BF4B-00C04F79EFBC}") = "App1.UWP", "App1\App1.UWP\App1.UWP.csproj", "{EA54C13C-2779-4322-8E22-1C4DAC2485E1}"
EndProject
Project("{9A19103F-16F7-4668-BE54-9A1E7A4F7556}") = "App1", "App1\App1\App1.csproj", "{FE0BDE39-8FAC-44ED-9625-AEFE9D6A3FCF}"
EndProject
Project("{2150E333-8FDC-42A3-9474-1A3956D46DE8}") = "Mobile", "Mobile", "{356DD0AD-9104-4D81-B7C9-CA2C771F9F8B}"
EndProject
Global
	GlobalSection(SolutionConfigurationPlatforms) = preSolution
		Ad-Hoc|Any CPU = Ad-Hoc|Any CPU
		Ad-Hoc|ARM = Ad-Hoc|ARM
		Ad-Hoc|iPhone = Ad-Hoc|iPhone
		Ad-Hoc|iPhoneSimulator = Ad-Hoc|iPhoneSimulator
		Ad-Hoc|x64 = Ad-Hoc|x64
		Ad-Hoc|x86 = Ad-Hoc|x86
		AppStore|Any CPU = AppStore|Any CPU
		AppStore|ARM = AppStore|ARM
		AppStore|iPhone = AppStore|iPhone
		AppStore|iPhoneSimulator = AppStore|iPhoneSimulator
		AppStore|x64 = AppStore|x64
		AppStore|x86 = AppStore|x86
		Debug|Any CPU = Debug|Any CPU
		Debug|ARM = Debug|ARM
		Debug|iPhone = Debug|iPhone
		Debug|iPhoneSimulator = Debug|iPhoneSimulator
		Debug|x64 = Debug|x64
		Debug|x86 = Debug|x86
		Release|Any CPU = Release|Any CPU
		Release|ARM = Release|ARM
		Release|iPhone = Release|iPhone
		Release|iPhoneSimulator = Release|iPhoneSimulator
		Release|x64 = Release|x64
		Release|x86 = Release|x86
	EndGlobalSection
	GlobalSection(ProjectConfigurationPlatforms) = postSolution
		{C847E8F7-302C-4872-87D3-E7B50AB997CC}.Ad-Hoc|Any CPU.ActiveCfg = Release|Any CPU
		{C847E8F7-302C-4872-87D3-E7B50AB997CC}.Ad-Hoc|Any CPU.Build.0 = Release|Any CPU
		{C847E8F7-302C-4872-87D3-E7B50AB997CC}.Ad-Hoc|ARM.ActiveCfg = Release|Any CPU
		{C847E8F7-302C-4872-87D3-E7B50AB997CC}.Ad-Hoc|ARM.Build.0 = Release|Any CPU
		{C847E8F7-302C-4872-87D3-E7B50AB997CC}.Ad-Hoc|iPhone.ActiveCfg = Release|Any CPU
		{C847E8F7-302C-4872-87D3-E7B50AB997CC}.Ad-Hoc|iPhone.Build.0 = Release|Any CPU
		{C847E8F7-302C-4872-87D3-E7B50AB997CC}.Ad-Hoc|iPhoneSimulator.ActiveCfg = Release|Any CPU
		{C847E8F7-302C-4872-87D3-E7B50AB997CC}.Ad-Hoc|iPhoneSimulator.Build.0 = Release|Any CPU
		{C847E8F7-302C-4872-87D3-E7B50AB997CC}.Ad-Hoc|x64.ActiveCfg = Release|Any CPU
		{C847E8F7-302C-4872-87D3-E7B50AB997CC}.Ad-Hoc|x64.Build.0 = Release|Any CPU
		{C847E8F7-302C-4872-87D3-E7B50AB997CC}.Ad-Hoc|x86.ActiveCfg = Release|Any CPU
		{C847E8F7-302C-4872-87D3-E7B50AB997CC}.Ad-Hoc|x86.Build.0 = Release|Any CPU
		{C847E8F7-302C-4872-87D3-E7B50AB997CC}.AppStore|Any CPU.ActiveCfg = Release|Any CPU
		{C847E8F7-302C-4872-87D3-E7B50AB997CC}.AppStore|Any CPU.Build.0 = Release|Any CPU
		{C847E8F7-302C-4872-87D3-E7B50AB997CC}.AppStore|ARM.ActiveCfg = Release|Any CPU
		{C847E8F7-302C-4872-87D3-E7B50AB997CC}.AppStore|ARM.Build.0 = Release|Any CPU
		{C847E8F7-302C-4872-87D3-E7B50AB997CC}.AppStore|iPhone.ActiveCfg = Release|Any CPU
		{C847E8F7-302C-4872-87D3-E7B50AB997CC}.AppStore|iPhone.Build.0 = Release|Any CPU
		{C847E8F7-302C-4872-87D3-E7B50AB997CC}.AppStore|iPhoneSimulator.ActiveCfg = Release|Any CPU
		{C847E8F7-302C-4872-87D3-E7B50AB997CC}.AppStore|iPhoneSimulator.Build.0 = Release|Any CPU
		{C847E8F7-302C-4872-87D3-E7B50AB997CC}.AppStore|x64.ActiveCfg = Release|Any CPU
		{C847E8F7-302C-4872-87D3-E7B50AB997CC}.AppStore|x64.Build.0 = Release|Any CPU
		{C847E8F7-302C-4872-87D3-E7B50AB997CC}.AppStore|x86.ActiveCfg = Release|Any CPU
		{C847E8F7-302C-4872-87D3-E7B50AB997CC}.AppStore|x86.Build.0 = Release|Any CPU
		{C847E8F7-302C-4872-87D3-E7B50AB997CC}.Debug|Any CPU.ActiveCfg = Debug|Any CPU
		{C847E8F7-302C-4872-87D3-E7B50AB997CC}.Debug|Any CPU.Build.0 = Debug|Any CPU
		{C847E8F7-302C-4872-87D3-E7B50AB997CC}.Debug|ARM.ActiveCfg = Debug|Any CPU
		{C847E8F7-302C-4872-87D3-E7B50AB997CC}.Debug|ARM.Build.0 = Debug|Any CPU
		{C847E8F7-302C-4872-87D3-E7B50AB997CC}.Debug|iPhone.ActiveCfg = Debug|Any CPU
		{C847E8F7-302C-4872-87D3-E7B50AB997CC}.Debug|iPhone.Build.0 = Debug|Any CPU
		{C847E8F7-302C-4872-87D3-E7B50AB997CC}.Debug|iPhoneSimulator.ActiveCfg = Debug|Any CPU
		{C847E8F7-302C-4872-87D3-E7B50AB997CC}.Debug|iPhoneSimulator.Build.0 = Debug|Any CPU
		{C847E8F7-302C-4872-87D3-E7B50AB997CC}.Debug|x64.ActiveCfg = Debug|Any CPU
		{C847E8F7-302C-4872-87D3-E7B50AB997CC}.Debug|x64.Build.0 = Debug|Any CPU
		{C847E8F7-302C-4872-87D3-E7B50AB997CC}.Debug|x86.ActiveCfg = Debug|Any CPU
		{C847E8F7-302C-4872-87D3-E7B50AB997CC}.Debug|x86.Build.0 = Debug|Any CPU
		{C847E8F7-302C-4872-87D3-E7B50AB997CC}.Release|Any CPU.ActiveCfg = Release|Any CPU
		{C847E8F7-302C-4872-87D3-E7B50AB997CC}.Release|Any CPU.Build.0 = Release|Any CPU
		{C847E8F7-302C-4872-87D3-E7B50AB997CC}.Release|ARM.ActiveCfg = Release|Any CPU
		{C847E8F7-302C-4872-87D3-E7B50AB997CC}.Release|ARM.Build.0 = Release|Any CPU
		{C847E8F7-302C-4872-87D3-E7B50AB997CC}.Release|iPhone.ActiveCfg = Release|Any CPU
		{C847E8F7-302C-4872-87D3-E7B50AB997CC}.Release|iPhone.Build.0 = Release|Any CPU
		{C847E8F7-302C-4872-87D3-E7B50AB997CC}.Release|iPhoneSimulator.ActiveCfg = Release|Any CPU
		{C847E8F7-302C-4872-87D3-E7B50AB997CC}.Release|iPhoneSimulator.Build.0 = Release|Any CPU
		{C847E8F7-302C-4872-87D3-E7B50AB997CC}.Release|x64.ActiveCfg = Release|Any CPU
		{C847E8F7-302C-4872-87D3-E7B50AB997CC}.Release|x64.Build.0 = Release|Any CPU
		{C847E8F7-302C-4872-87D3-E7B50AB997CC}.Release|x86.ActiveCfg = Release|Any CPU
		{C847E8F7-302C-4872-87D3-E7B50AB997CC}.Release|x86.Build.0 = Release|Any CPU
		{45D5974B-F241-42C9-B5B1-BF02E3AB1901}.Ad-Hoc|Any CPU.ActiveCfg = Release|Any CPU
		{45D5974B-F241-42C9-B5B1-BF02E3AB1901}.Ad-Hoc|Any CPU.Build.0 = Release|Any CPU
		{45D5974B-F241-42C9-B5B1-BF02E3AB1901}.Ad-Hoc|Any CPU.Deploy.0 = Release|Any CPU
		{45D5974B-F241-42C9-B5B1-BF02E3AB1901}.Ad-Hoc|ARM.ActiveCfg = Release|Any CPU
		{45D5974B-F241-42C9-B5B1-BF02E3AB1901}.Ad-Hoc|ARM.Build.0 = Release|Any CPU
		{45D5974B-F241-42C9-B5B1-BF02E3AB1901}.Ad-Hoc|ARM.Deploy.0 = Release|Any CPU
		{45D5974B-F241-42C9-B5B1-BF02E3AB1901}.Ad-Hoc|iPhone.ActiveCfg = Release|Any CPU
		{45D5974B-F241-42C9-B5B1-BF02E3AB1901}.Ad-Hoc|iPhone.Build.0 = Release|Any CPU
		{45D5974B-F241-42C9-B5B1-BF02E3AB1901}.Ad-Hoc|iPhone.Deploy.0 = Release|Any CPU
		{45D5974B-F241-42C9-B5B1-BF02E3AB1901}.Ad-Hoc|iPhoneSimulator.ActiveCfg = Release|Any CPU
		{45D5974B-F241-42C9-B5B1-BF02E3AB1901}.Ad-Hoc|iPhoneSimulator.Build.0 = Release|Any CPU
		{45D5974B-F241-42C9-B5B1-BF02E3AB1901}.Ad-Hoc|iPhoneSimulator.Deploy.0 = Release|Any CPU
		{45D5974B-F241-42C9-B5B1-BF02E3AB1901}.Ad-Hoc|x64.ActiveCfg = Release|Any CPU
		{45D5974B-F241-42C9-B5B1-BF02E3AB1901}.Ad-Hoc|x64.Build.0 = Release|Any CPU
		{45D5974B-F241-42C9-B5B1-BF02E3AB1901}.Ad-Hoc|x64.Deploy.0 = Release|Any CPU
		{45D5974B-F241-42C9-B5B1-BF02E3AB1901}.Ad-Hoc|x86.ActiveCfg = Release|Any CPU
		{45D5974B-F241-42C9-B5B1-BF02E3AB1901}.Ad-Hoc|x86.Build.0 = Release|Any CPU
		{45D5974B-F241-42C9-B5B1-BF02E3AB1901}.Ad-Hoc|x86.Deploy.0 = Release|Any CPU
		{45D5974B-F241-42C9-B5B1-BF02E3AB1901}.AppStore|Any CPU.ActiveCfg = Release|Any CPU
		{45D5974B-F241-42C9-B5B1-BF02E3AB1901}.AppStore|Any CPU.Build.0 = Release|Any CPU
		{45D5974B-F241-42C9-B5B1-BF02E3AB1901}.AppStore|Any CPU.Deploy.0 = Release|Any CPU
		{45D5974B-F241-42C9-B5B1-BF02E3AB1901}.AppStore|ARM.ActiveCfg = Release|Any CPU
		{45D5974B-F241-42C9-B5B1-BF02E3AB1901}.AppStore|ARM.Build.0 = Release|Any CPU
		{45D5974B-F241-42C9-B5B1-BF02E3AB1901}.AppStore|ARM.Deploy.0 = Release|Any CPU
		{45D5974B-F241-42C9-B5B1-BF02E3AB1901}.AppStore|iPhone.ActiveCfg = Release|Any CPU
		{45D5974B-F241-42C9-B5B1-BF02E3AB1901}.AppStore|iPhone.Build.0 = Release|Any CPU
		{45D5974B-F241-42C9-B5B1-BF02E3AB1901}.AppStore|iPhone.Deploy.0 = Release|Any CPU
		{45D5974B-F241-42C9-B5B1-BF02E3AB1901}.AppStore|iPhoneSimulator.ActiveCfg = Release|Any CPU
		{45D5974B-F241-42C9-B5B1-BF02E3AB1901}.AppStore|iPhoneSimulator.Build.0 = Release|Any CPU
		{45D5974B-F241-42C9-B5B1-BF02E3AB1901}.AppStore|iPhoneSimulator.Deploy.0 = Release|Any CPU
		{45D5974B-F241-42C9-B5B1-BF02E3AB1901}.AppStore|x64.ActiveCfg = Release|Any CPU
		{45D5974B-F241-42C9-B5B1-BF02E3AB1901}.AppStore|x64.Build.0 = Release|Any CPU
		{45D5974B-F241-42C9-B5B1-BF02E3AB1901}.AppStore|x64.Deploy.0 = Release|Any CPU
		{45D5974B-F241-42C9-B5B1-BF02E3AB1901}.AppStore|x86.ActiveCfg = Release|Any CPU
		{45D5974B-F241-42C9-B5B1-BF02E3AB1901}.AppStore|x86.Build.0 = Release|Any CPU
		{45D5974B-F241-42C9-B5B1-BF02E3AB1901}.AppStore|x86.Deploy.0 = Release|Any CPU
		{45D5974B-F241-42C9-B5B1-BF02E3AB1901}.Debug|Any CPU.ActiveCfg = Debug|Any CPU
		{45D5974B-F241-42C9-B5B1-BF02E3AB1901}.Debug|Any CPU.Build.0 = Debug|Any CPU
		{45D5974B-F241-42C9-B5B1-BF02E3AB1901}.Debug|Any CPU.Deploy.0 = Debug|Any CPU
		{45D5974B-F241-42C9-B5B1-BF02E3AB1901}.Debug|ARM.ActiveCfg = Debug|Any CPU
		{45D5974B-F241-42C9-B5B1-BF02E3AB1901}.Debug|ARM.Build.0 = Debug|Any CPU
		{45D5974B-F241-42C9-B5B1-BF02E3AB1901}.Debug|ARM.Deploy.0 = Debug|Any CPU
		{45D5974B-F241-42C9-B5B1-BF02E3AB1901}.Debug|iPhone.ActiveCfg = Debug|Any CPU
		{45D5974B-F241-42C9-B5B1-BF02E3AB1901}.Debug|iPhone.Build.0 = Debug|Any CPU
		{45D5974B-F241-42C9-B5B1-BF02E3AB1901}.Debug|iPhone.Deploy.0 = Debug|Any CPU
		{45D5974B-F241-42C9-B5B1-BF02E3AB1901}.Debug|iPhoneSimulator.ActiveCfg = Debug|Any CPU
		{45D5974B-F241-42C9-B5B1-BF02E3AB1901}.Debug|iPhoneSimulator.Build.0 = Debug|Any CPU
		{45D5974B-F241-42C9-B5B1-BF02E3AB1901}.Debug|iPhoneSimulator.Deploy.0 = Debug|Any CPU
		{45D5974B-F241-42C9-B5B1-BF02E3AB1901}.Debug|x64.ActiveCfg = Debug|Any CPU
		{45D5974B-F241-42C9-B5B1-BF02E3AB1901}.Debug|x64.Build.0 = Debug|Any CPU
		{45D5974B-F241-42C9-B5B1-BF02E3AB1901}.Debug|x64.Deploy.0 = Debug|Any CPU
		{45D5974B-F241-42C9-B5B1-BF02E3AB1901}.Debug|x86.ActiveCfg = Debug|Any CPU
		{45D5974B-F241-42C9-B5B1-BF02E3AB1901}.Debug|x86.Build.0 = Debug|Any CPU
		{45D5974B-F241-42C9-B5B1-BF02E3AB1901}.Debug|x86.Deploy.0 = Debug|Any CPU
		{45D5974B-F241-42C9-B5B1-BF02E3AB1901}.Release|Any CPU.ActiveCfg = Release|Any CPU
		{45D5974B-F241-42C9-B5B1-BF02E3AB1901}.Release|Any CPU.Build.0 = Release|Any CPU
		{45D5974B-F241-42C9-B5B1-BF02E3AB1901}.Release|Any CPU.Deploy.0 = Release|Any CPU
		{45D5974B-F241-42C9-B5B1-BF02E3AB1901}.Release|ARM.ActiveCfg = Release|Any CPU
		{45D5974B-F241-42C9-B5B1-BF02E3AB1901}.Release|ARM.Build.0 = Release|Any CPU
		{45D5974B-F241-42C9-B5B1-BF02E3AB1901}.Release|ARM.Deploy.0 = Release|Any CPU
		{45D5974B-F241-42C9-B5B1-BF02E3AB1901}.Release|iPhone.ActiveCfg = Release|Any CPU
		{45D5974B-F241-42C9-B5B1-BF02E3AB1901}.Release|iPhone.Build.0 = Release|Any CPU
		{45D5974B-F241-42C9-B5B1-BF02E3AB1901}.Release|iPhone.Deploy.0 = Release|Any CPU
		{45D5974B-F241-42C9-B5B1-BF02E3AB1901}.Release|iPhoneSimulator.ActiveCfg = Release|Any CPU
		{45D5974B-F241-42C9-B5B1-BF02E3AB1901}.Release|iPhoneSimulator.Build.0 = Release|Any CPU
		{45D5974B-F241-42C9-B5B1-BF02E3AB1901}.Release|iPhoneSimulator.Deploy.0 = Release|Any CPU
		{45D5974B-F241-42C9-B5B1-BF02E3AB1901}.Release|x64.ActiveCfg = Release|Any CPU
		{45D5974B-F241-42C9-B5B1-BF02E3AB1901}.Release|x64.Build.0 = Release|Any CPU
		{45D5974B-F241-42C9-B5B1-BF02E3AB1901}.Release|x64.Deploy.0 = Release|Any CPU
		{45D5974B-F241-42C9-B5B1-BF02E3AB1901}.Release|x86.ActiveCfg = Release|Any CPU
		{45D5974B-F241-42C9-B5B1-BF02E3AB1901}.Release|x86.Build.0 = Release|Any CPU
		{45D5974B-F241-42C9-B5B1-BF02E3AB1901}.Release|x86.Deploy.0 = Release|Any CPU
		{E25EBB05-57D6-4420-AB6D-66B54569641A}.Ad-Hoc|Any CPU.ActiveCfg = Ad-Hoc|iPhone
		{E25EBB05-57D6-4420-AB6D-66B54569641A}.Ad-Hoc|ARM.ActiveCfg = Ad-Hoc|iPhone
		{E25EBB05-57D6-4420-AB6D-66B54569641A}.Ad-Hoc|iPhone.ActiveCfg = Ad-Hoc|iPhone
		{E25EBB05-57D6-4420-AB6D-66B54569641A}.Ad-Hoc|iPhone.Build.0 = Ad-Hoc|iPhone
		{E25EBB05-57D6-4420-AB6D-66B54569641A}.Ad-Hoc|iPhoneSimulator.ActiveCfg = Ad-Hoc|iPhoneSimulator
		{E25EBB05-57D6-4420-AB6D-66B54569641A}.Ad-Hoc|iPhoneSimulator.Build.0 = Ad-Hoc|iPhoneSimulator
		{E25EBB05-57D6-4420-AB6D-66B54569641A}.Ad-Hoc|x64.ActiveCfg = Ad-Hoc|iPhone
		{E25EBB05-57D6-4420-AB6D-66B54569641A}.Ad-Hoc|x86.ActiveCfg = Ad-Hoc|iPhone
		{E25EBB05-57D6-4420-AB6D-66B54569641A}.AppStore|Any CPU.ActiveCfg = AppStore|iPhone
		{E25EBB05-57D6-4420-AB6D-66B54569641A}.AppStore|ARM.ActiveCfg = AppStore|iPhone
		{E25EBB05-57D6-4420-AB6D-66B54569641A}.AppStore|iPhone.ActiveCfg = AppStore|iPhone
		{E25EBB05-57D6-4420-AB6D-66B54569641A}.AppStore|iPhone.Build.0 = AppStore|iPhone
		{E25EBB05-57D6-4420-AB6D-66B54569641A}.AppStore|iPhoneSimulator.ActiveCfg = AppStore|iPhoneSimulator
		{E25EBB05-57D6-4420-AB6D-66B54569641A}.AppStore|iPhoneSimulator.Build.0 = AppStore|iPhoneSimulator
		{E25EBB05-57D6-4420-AB6D-66B54569641A}.AppStore|x64.ActiveCfg = AppStore|iPhone
		{E25EBB05-57D6-4420-AB6D-66B54569641A}.AppStore|x86.ActiveCfg = AppStore|iPhone
		{E25EBB05-57D6-4420-AB6D-66B54569641A}.Debug|Any CPU.ActiveCfg = Debug|iPhone
		{E25EBB05-57D6-4420-AB6D-66B54569641A}.Debug|ARM.ActiveCfg = Debug|iPhone
		{E25EBB05-57D6-4420-AB6D-66B54569641A}.Debug|iPhone.ActiveCfg = Debug|iPhone
		{E25EBB05-57D6-4420-AB6D-66B54569641A}.Debug|iPhone.Build.0 = Debug|iPhone
		{E25EBB05-57D6-4420-AB6D-66B54569641A}.Debug|iPhoneSimulator.ActiveCfg = Debug|iPhoneSimulator
		{E25EBB05-57D6-4420-AB6D-66B54569641A}.Debug|iPhoneSimulator.Build.0 = Debug|iPhoneSimulator
		{E25EBB05-57D6-4420-AB6D-66B54569641A}.Debug|x64.ActiveCfg = Debug|iPhone
		{E25EBB05-57D6-4420-AB6D-66B54569641A}.Debug|x86.ActiveCfg = Debug|iPhone
		{E25EBB05-57D6-4420-AB6D-66B54569641A}.Release|Any CPU.ActiveCfg = Release|iPhone
		{E25EBB05-57D6-4420-AB6D-66B54569641A}.Release|ARM.ActiveCfg = Release|iPhone
		{E25EBB05-57D6-4420-AB6D-66B54569641A}.Release|iPhone.ActiveCfg = Release|iPhone
		{E25EBB05-57D6-4420-AB6D-66B54569641A}.Release|iPhone.Build.0 = Release|iPhone
		{E25EBB05-57D6-4420-AB6D-66B54569641A}.Release|iPhoneSimulator.ActiveCfg = Release|iPhoneSimulator
		{E25EBB05-57D6-4420-AB6D-66B54569641A}.Release|iPhoneSimulator.Build.0 = Release|iPhoneSimulator
		{E25EBB05-57D6-4420-AB6D-66B54569641A}.Release|x64.ActiveCfg = Release|iPhone
		{E25EBB05-57D6-4420-AB6D-66B54569641A}.Release|x86.ActiveCfg = Release|iPhone
		{EA54C13C-2779-4322-8E22-1C4DAC2485E1}.Ad-Hoc|Any CPU.ActiveCfg = Release|x86
		{EA54C13C-2779-4322-8E22-1C4DAC2485E1}.Ad-Hoc|Any CPU.Build.0 = Release|x86
		{EA54C13C-2779-4322-8E22-1C4DAC2485E1}.Ad-Hoc|Any CPU.Deploy.0 = Release|x86
		{EA54C13C-2779-4322-8E22-1C4DAC2485E1}.Ad-Hoc|ARM.ActiveCfg = Release|ARM
		{EA54C13C-2779-4322-8E22-1C4DAC2485E1}.Ad-Hoc|ARM.Build.0 = Release|ARM
		{EA54C13C-2779-4322-8E22-1C4DAC2485E1}.Ad-Hoc|ARM.Deploy.0 = Release|ARM
		{EA54C13C-2779-4322-8E22-1C4DAC2485E1}.Ad-Hoc|iPhone.ActiveCfg = Release|x86
		{EA54C13C-2779-4322-8E22-1C4DAC2485E1}.Ad-Hoc|iPhone.Build.0 = Release|x86
		{EA54C13C-2779-4322-8E22-1C4DAC2485E1}.Ad-Hoc|iPhone.Deploy.0 = Release|x86
		{EA54C13C-2779-4322-8E22-1C4DAC2485E1}.Ad-Hoc|iPhoneSimulator.ActiveCfg = Release|x86
		{EA54C13C-2779-4322-8E22-1C4DAC2485E1}.Ad-Hoc|iPhoneSimulator.Build.0 = Release|x86
		{EA54C13C-2779-4322-8E22-1C4DAC2485E1}.Ad-Hoc|iPhoneSimulator.Deploy.0 = Release|x86
		{EA54C13C-2779-4322-8E22-1C4DAC2485E1}.Ad-Hoc|x64.ActiveCfg = Release|x64
		{EA54C13C-2779-4322-8E22-1C4DAC2485E1}.Ad-Hoc|x64.Build.0 = Release|x64
		{EA54C13C-2779-4322-8E22-1C4DAC2485E1}.Ad-Hoc|x64.Deploy.0 = Release|x64
		{EA54C13C-2779-4322-8E22-1C4DAC2485E1}.Ad-Hoc|x86.ActiveCfg = Release|x86
		{EA54C13C-2779-4322-8E22-1C4DAC2485E1}.Ad-Hoc|x86.Build.0 = Release|x86
		{EA54C13C-2779-4322-8E22-1C4DAC2485E1}.Ad-Hoc|x86.Deploy.0 = Release|x86
		{EA54C13C-2779-4322-8E22-1C4DAC2485E1}.AppStore|Any CPU.ActiveCfg = Release|x86
		{EA54C13C-2779-4322-8E22-1C4DAC2485E1}.AppStore|Any CPU.Build.0 = Release|x86
		{EA54C13C-2779-4322-8E22-1C4DAC2485E1}.AppStore|Any CPU.Deploy.0 = Release|x86
		{EA54C13C-2779-4322-8E22-1C4DAC2485E1}.AppStore|ARM.ActiveCfg = Release|ARM
		{EA54C13C-2779-4322-8E22-1C4DAC2485E1}.AppStore|ARM.Build.0 = Release|ARM
		{EA54C13C-2779-4322-8E22-1C4DAC2485E1}.AppStore|ARM.Deploy.0 = Release|ARM
		{EA54C13C-2779-4322-8E22-1C4DAC2485E1}.AppStore|iPhone.ActiveCfg = Release|x86
		{EA54C13C-2779-4322-8E22-1C4DAC2485E1}.AppStore|iPhone.Build.0 = Release|x86
		{EA54C13C-2779-4322-8E22-1C4DAC2485E1}.AppStore|iPhone.Deploy.0 = Release|x86
		{EA54C13C-2779-4322-8E22-1C4DAC2485E1}.AppStore|iPhoneSimulator.ActiveCfg = Release|x86
		{EA54C13C-2779-4322-8E22-1C4DAC2485E1}.AppStore|iPhoneSimulator.Build.0 = Release|x86
		{EA54C13C-2779-4322-8E22-1C4DAC2485E1}.AppStore|iPhoneSimulator.Deploy.0 = Release|x86
		{EA54C13C-2779-4322-8E22-1C4DAC2485E1}.AppStore|x64.ActiveCfg = Release|x64
		{EA54C13C-2779-4322-8E22-1C4DAC2485E1}.AppStore|x64.Build.0 = Release|x64
		{EA54C13C-2779-4322-8E22-1C4DAC2485E1}.AppStore|x64.Deploy.0 = Release|x64
		{EA54C13C-2779-4322-8E22-1C4DAC2485E1}.AppStore|x86.ActiveCfg = Release|x86
		{EA54C13C-2779-4322-8E22-1C4DAC2485E1}.AppStore|x86.Build.0 = Release|x86
		{EA54C13C-2779-4322-8E22-1C4DAC2485E1}.AppStore|x86.Deploy.0 = Release|x86
		{EA54C13C-2779-4322-8E22-1C4DAC2485E1}.Debug|Any CPU.ActiveCfg = Debug|x64
		{EA54C13C-2779-4322-8E22-1C4DAC2485E1}.Debug|Any CPU.Build.0 = Debug|x64
		{EA54C13C-2779-4322-8E22-1C4DAC2485E1}.Debug|Any CPU.Deploy.0 = Debug|x64
		{EA54C13C-2779-4322-8E22-1C4DAC2485E1}.Debug|ARM.ActiveCfg = Debug|ARM
		{EA54C13C-2779-4322-8E22-1C4DAC2485E1}.Debug|ARM.Build.0 = Debug|ARM
		{EA54C13C-2779-4322-8E22-1C4DAC2485E1}.Debug|ARM.Deploy.0 = Debug|ARM
		{EA54C13C-2779-4322-8E22-1C4DAC2485E1}.Debug|iPhone.ActiveCfg = Debug|x86
		{EA54C13C-2779-4322-8E22-1C4DAC2485E1}.Debug|iPhoneSimulator.ActiveCfg = Debug|x86
		{EA54C13C-2779-4322-8E22-1C4DAC2485E1}.Debug|x64.ActiveCfg = Debug|x64
		{EA54C13C-2779-4322-8E22-1C4DAC2485E1}.Debug|x64.Build.0 = Debug|x64
		{EA54C13C-2779-4322-8E22-1C4DAC2485E1}.Debug|x64.Deploy.0 = Debug|x64
		{EA54C13C-2779-4322-8E22-1C4DAC2485E1}.Debug|x86.ActiveCfg = Debug|x86
		{EA54C13C-2779-4322-8E22-1C4DAC2485E1}.Debug|x86.Build.0 = Debug|x86
		{EA54C13C-2779-4322-8E22-1C4DAC2485E1}.Debug|x86.Deploy.0 = Debug|x86
		{EA54C13C-2779-4322-8E22-1C4DAC2485E1}.Release|Any CPU.ActiveCfg = Release|x86
		{EA54C13C-2779-4322-8E22-1C4DAC2485E1}.Release|ARM.ActiveCfg = Release|ARM
		{EA54C13C-2779-4322-8E22-1C4DAC2485E1}.Release|ARM.Build.0 = Release|ARM
		{EA54C13C-2779-4322-8E22-1C4DAC2485E1}.Release|ARM.Deploy.0 = Release|ARM
		{EA54C13C-2779-4322-8E22-1C4DAC2485E1}.Release|iPhone.ActiveCfg = Release|x86
		{EA54C13C-2779-4322-8E22-1C4DAC2485E1}.Release|iPhoneSimulator.ActiveCfg = Release|x86
		{EA54C13C-2779-4322-8E22-1C4DAC2485E1}.Release|x64.ActiveCfg = Release|x64
		{EA54C13C-2779-4322-8E22-1C4DAC2485E1}.Release|x64.Build.0 = Release|x64
		{EA54C13C-2779-4322-8E22-1C4DAC2485E1}.Release|x64.Deploy.0 = Release|x64
		{EA54C13C-2779-4322-8E22-1C4DAC2485E1}.Release|x86.ActiveCfg = Release|x86
		{EA54C13C-2779-4322-8E22-1C4DAC2485E1}.Release|x86.Build.0 = Release|x86
		{EA54C13C-2779-4322-8E22-1C4DAC2485E1}.Release|x86.Deploy.0 = Release|x86
		{FE0BDE39-8FAC-44ED-9625-AEFE9D6A3FCF}.Ad-Hoc|Any CPU.ActiveCfg = Debug|Any CPU
		{FE0BDE39-8FAC-44ED-9625-AEFE9D6A3FCF}.Ad-Hoc|Any CPU.Build.0 = Debug|Any CPU
		{FE0BDE39-8FAC-44ED-9625-AEFE9D6A3FCF}.Ad-Hoc|ARM.ActiveCfg = Debug|Any CPU
		{FE0BDE39-8FAC-44ED-9625-AEFE9D6A3FCF}.Ad-Hoc|ARM.Build.0 = Debug|Any CPU
		{FE0BDE39-8FAC-44ED-9625-AEFE9D6A3FCF}.Ad-Hoc|iPhone.ActiveCfg = Debug|Any CPU
		{FE0BDE39-8FAC-44ED-9625-AEFE9D6A3FCF}.Ad-Hoc|iPhone.Build.0 = Debug|Any CPU
		{FE0BDE39-8FAC-44ED-9625-AEFE9D6A3FCF}.Ad-Hoc|iPhoneSimulator.ActiveCfg = Debug|Any CPU
		{FE0BDE39-8FAC-44ED-9625-AEFE9D6A3FCF}.Ad-Hoc|iPhoneSimulator.Build.0 = Debug|Any CPU
		{FE0BDE39-8FAC-44ED-9625-AEFE9D6A3FCF}.Ad-Hoc|x64.ActiveCfg = Debug|Any CPU
		{FE0BDE39-8FAC-44ED-9625-AEFE9D6A3FCF}.Ad-Hoc|x64.Build.0 = Debug|Any CPU
		{FE0BDE39-8FAC-44ED-9625-AEFE9D6A3FCF}.Ad-Hoc|x86.ActiveCfg = Debug|Any CPU
		{FE0BDE39-8FAC-44ED-9625-AEFE9D6A3FCF}.Ad-Hoc|x86.Build.0 = Debug|Any CPU
		{FE0BDE39-8FAC-44ED-9625-AEFE9D6A3FCF}.AppStore|Any CPU.ActiveCfg = Debug|Any CPU
		{FE0BDE39-8FAC-44ED-9625-AEFE9D6A3FCF}.AppStore|Any CPU.Build.0 = Debug|Any CPU
		{FE0BDE39-8FAC-44ED-9625-AEFE9D6A3FCF}.AppStore|ARM.ActiveCfg = Debug|Any CPU
		{FE0BDE39-8FAC-44ED-9625-AEFE9D6A3FCF}.AppStore|ARM.Build.0 = Debug|Any CPU
		{FE0BDE39-8FAC-44ED-9625-AEFE9D6A3FCF}.AppStore|iPhone.ActiveCfg = Debug|Any CPU
		{FE0BDE39-8FAC-44ED-9625-AEFE9D6A3FCF}.AppStore|iPhone.Build.0 = Debug|Any CPU
		{FE0BDE39-8FAC-44ED-9625-AEFE9D6A3FCF}.AppStore|iPhoneSimulator.ActiveCfg = Debug|Any CPU
		{FE0BDE39-8FAC-44ED-9625-AEFE9D6A3FCF}.AppStore|iPhoneSimulator.Build.0 = Debug|Any CPU
		{FE0BDE39-8FAC-44ED-9625-AEFE9D6A3FCF}.AppStore|x64.ActiveCfg = Debug|Any CPU
		{FE0BDE39-8FAC-44ED-9625-AEFE9D6A3FCF}.AppStore|x64.Build.0 = Debug|Any CPU
		{FE0BDE39-8FAC-44ED-9625-AEFE9D6A3FCF}.AppStore|x86.ActiveCfg = Debug|Any CPU
		{FE0BDE39-8FAC-44ED-9625-AEFE9D6A3FCF}.AppStore|x86.Build.0 = Debug|Any CPU
		{FE0BDE39-8FAC-44ED-9625-AEFE9D6A3FCF}.Debug|Any CPU.ActiveCfg = Debug|Any CPU
		{FE0BDE39-8FAC-44ED-9625-AEFE9D6A3FCF}.Debug|Any CPU.Build.0 = Debug|Any CPU
		{FE0BDE39-8FAC-44ED-9625-AEFE9D6A3FCF}.Debug|ARM.ActiveCfg = Debug|Any CPU
		{FE0BDE39-8FAC-44ED-9625-AEFE9D6A3FCF}.Debug|ARM.Build.0 = Debug|Any CPU
		{FE0BDE39-8FAC-44ED-9625-AEFE9D6A3FCF}.Debug|iPhone.ActiveCfg = Debug|Any CPU
		{FE0BDE39-8FAC-44ED-9625-AEFE9D6A3FCF}.Debug|iPhone.Build.0 = Debug|Any CPU
		{FE0BDE39-8FAC-44ED-9625-AEFE9D6A3FCF}.Debug|iPhoneSimulator.ActiveCfg = Debug|Any CPU
		{FE0BDE39-8FAC-44ED-9625-AEFE9D6A3FCF}.Debug|iPhoneSimulator.Build.0 = Debug|Any CPU
		{FE0BDE39-8FAC-44ED-9625-AEFE9D6A3FCF}.Debug|x64.ActiveCfg = Debug|Any CPU
		{FE0BDE39-8FAC-44ED-9625-AEFE9D6A3FCF}.Debug|x64.Build.0 = Debug|Any CPU
		{FE0BDE39-8FAC-44ED-9625-AEFE9D6A3FCF}.Debug|x86.ActiveCfg = Debug|Any CPU
		{FE0BDE39-8FAC-44ED-9625-AEFE9D6A3FCF}.Debug|x86.Build.0 = Debug|Any CPU
		{FE0BDE39-8FAC-44ED-9625-AEFE9D6A3FCF}.Release|Any CPU.ActiveCfg = Release|Any CPU
		{FE0BDE39-8FAC-44ED-9625-AEFE9D6A3FCF}.Release|Any CPU.Build.0 = Release|Any CPU
		{FE0BDE39-8FAC-44ED-9625-AEFE9D6A3FCF}.Release|ARM.ActiveCfg = Release|Any CPU
		{FE0BDE39-8FAC-44ED-9625-AEFE9D6A3FCF}.Release|ARM.Build.0 = Release|Any CPU
		{FE0BDE39-8FAC-44ED-9625-AEFE9D6A3FCF}.Release|iPhone.ActiveCfg = Release|Any CPU
		{FE0BDE39-8FAC-44ED-9625-AEFE9D6A3FCF}.Release|iPhone.Build.0 = Release|Any CPU
		{FE0BDE39-8FAC-44ED-9625-AEFE9D6A3FCF}.Release|iPhoneSimulator.ActiveCfg = Release|Any CPU
		{FE0BDE39-8FAC-44ED-9625-AEFE9D6A3FCF}.Release|iPhoneSimulator.Build.0 = Release|Any CPU
		{FE0BDE39-8FAC-44ED-9625-AEFE9D6A3FCF}.Release|x64.ActiveCfg = Release|Any CPU
		{FE0BDE39-8FAC-44ED-9625-AEFE9D6A3FCF}.Release|x64.Build.0 = Release|Any CPU
		{FE0BDE39-8FAC-44ED-9625-AEFE9D6A3FCF}.Release|x86.ActiveCfg = Release|Any CPU
		{FE0BDE39-8FAC-44ED-9625-AEFE9D6A3FCF}.Release|x86.Build.0 = Release|Any CPU
	EndGlobalSection
	GlobalSection(SolutionProperties) = preSolution
		HideSolutionNode = FALSE
	EndGlobalSection
	GlobalSection(NestedProjects) = preSolution
		{45D5974B-F241-42C9-B5B1-BF02E3AB1901} = {356DD0AD-9104-4D81-B7C9-CA2C771F9F8B}
		{E25EBB05-57D6-4420-AB6D-66B54569641A} = {356DD0AD-9104-4D81-B7C9-CA2C771F9F8B}
		{EA54C13C-2779-4322-8E22-1C4DAC2485E1} = {356DD0AD-9104-4D81-B7C9-CA2C771F9F8B}
		{FE0BDE39-8FAC-44ED-9625-AEFE9D6A3FCF} = {356DD0AD-9104-4D81-B7C9-CA2C771F9F8B}
	EndGlobalSection
	GlobalSection(ExtensibilityGlobals) = postSolution
		SolutionGuid = {37A7DB42-F1EF-4619-8B6A-4CCD24B1FCBF}
	EndGlobalSection
EndGlobal
